
Microsoft Visual Studio Solution File, Format Version 12.00
# Visual Studio Version 17
VisualStudioVersion = 17.9.34902.65
MinimumVisualStudioVersion = 10.0.40219.1
Project("{FAE04EC0-301F-11D3-BF4B-00C04F79EFBC}") = "MauiApp1", "MauiApp1\MauiApp1.csproj", "{F49C8C22-D6A8-4839-928E-0D4DA7BDEFB1}"
EndProject
Global
	GlobalSection(SolutionConfigurationPlatforms) = preSolution
		Debug|Any CPU = Debug|Any CPU
		Release|Any CPU = Release|Any CPU
	EndGlobalSection
	GlobalSection(ProjectConfigurationPlatforms) = postSolution
		{F49C8C22-D6A8-4839-928E-0D4DA7BDEFB1}.Debug|Any CPU.ActiveCfg = Debug|Any CPU
		{F49C8C22-D6A8-4839-928E-0D4DA7BDEFB1}.Debug|Any CPU.Build.0 = Debug|Any CPU
		{F49C8C22-D6A8-4839-928E-0D4DA7BDEFB1}.Debug|Any CPU.Deploy.0 = Debug|Any CPU
		{F49C8C22-D6A8-4839-928E-0D4DA7BDEFB1}.Release|Any CPU.ActiveCfg = Release|Any CPU
		{F49C8C22-D6A8-4839-928E-0D4DA7BDEFB1}.Release|Any CPU.Build.0 = Release|Any CPU
		{F49C8C22-D6A8-4839-928E-0D4DA7BDEFB1}.Release|Any CPU.Deploy.0 = Release|Any CPU
	EndGlobalSection
	GlobalSection(SolutionProperties) = preSolution
		HideSolutionNode = FALSE
	EndGlobalSection
	GlobalSection(ExtensibilityGlobals) = postSolution
		SolutionGuid = {6ABCD2C0-395A-45F3-91FB-F65A1D2E0370}
	EndGlobalSection
EndGlobal
